// !$*UTF8*$!
{
	archiveVersion = 1;
	classes = {
	};
	objectVersion = 50;
	objects = {

/* Begin PBXBuildFile section */
		251555E4B9A26E5A10DC04A2 /* Pods_github_multiplatform_example.framework in Frameworks */ = {isa = PBXBuildFile; fileRef = 16C0AACD71397E7D67208782 /* Pods_github_multiplatform_example.framework */; };
		3A49E3EC2142B66B001B54D3 /* Assets.xcassets in Resources */ = {isa = PBXBuildFile; fileRef = 3A49E3EB2142B66B001B54D3 /* Assets.xcassets */; };
		3A49E3EF2142B66B001B54D3 /* LaunchScreen.storyboard in Resources */ = {isa = PBXBuildFile; fileRef = 3A49E3ED2142B66B001B54D3 /* LaunchScreen.storyboard */; };
		3A49E3FB2142B704001B54D3 /* RepoListViewController.swift in Sources */ = {isa = PBXBuildFile; fileRef = 3A49E3F72142B704001B54D3 /* RepoListViewController.swift */; };
		3A49E3FC2142B704001B54D3 /* LoginViewController.swift in Sources */ = {isa = PBXBuildFile; fileRef = 3A49E3F82142B704001B54D3 /* LoginViewController.swift */; };
		3A49E3FD2142B704001B54D3 /* AppDelegate.swift in Sources */ = {isa = PBXBuildFile; fileRef = 3A49E3F92142B704001B54D3 /* AppDelegate.swift */; };
		3A49E3FE2142B704001B54D3 /* UIColor+.swift in Sources */ = {isa = PBXBuildFile; fileRef = 3A49E3FA2142B704001B54D3 /* UIColor+.swift */; };
		D7E79D2121A6267400FA676D /* shared.framework in Embed Frameworks */ = {isa = PBXBuildFile; fileRef = D7E79D1E21A6251F00FA676D /* shared.framework */; settings = {ATTRIBUTES = (CodeSignOnCopy, RemoveHeadersOnCopy, ); }; };
/* End PBXBuildFile section */

/* Begin PBXCopyFilesBuildPhase section */
		3A6642AD21A5564800AD0773 /* Embed Frameworks */ = {
			isa = PBXCopyFilesBuildPhase;
			buildActionMask = 2147483647;
			dstPath = "";
			dstSubfolderSpec = 10;
			files = (
				D7E79D2121A6267400FA676D /* shared.framework in Embed Frameworks */,
			);
			name = "Embed Frameworks";
			runOnlyForDeploymentPostprocessing = 0;
		};
/* End PBXCopyFilesBuildPhase section */

/* Begin PBXFileReference section */
		16C0AACD71397E7D67208782 /* Pods_github_multiplatform_example.framework */ = {isa = PBXFileReference; explicitFileType = wrapper.framework; includeInIndex = 0; path = Pods_github_multiplatform_example.framework; sourceTree = BUILT_PRODUCTS_DIR; };
		3A49E3E12142B66A001B54D3 /* github-multiplatform-example.app */ = {isa = PBXFileReference; explicitFileType = wrapper.application; includeInIndex = 0; path = "github-multiplatform-example.app"; sourceTree = BUILT_PRODUCTS_DIR; };
		3A49E3EB2142B66B001B54D3 /* Assets.xcassets */ = {isa = PBXFileReference; lastKnownFileType = folder.assetcatalog; path = Assets.xcassets; sourceTree = "<group>"; };
		3A49E3EE2142B66B001B54D3 /* Base */ = {isa = PBXFileReference; lastKnownFileType = file.storyboard; name = Base; path = Base.lproj/LaunchScreen.storyboard; sourceTree = "<group>"; };
		3A49E3F02142B66B001B54D3 /* Info.plist */ = {isa = PBXFileReference; lastKnownFileType = text.plist.xml; path = Info.plist; sourceTree = "<group>"; };
		3A49E3F72142B704001B54D3 /* RepoListViewController.swift */ = {isa = PBXFileReference; fileEncoding = 4; lastKnownFileType = sourcecode.swift; path = RepoListViewController.swift; sourceTree = "<group>"; };
		3A49E3F82142B704001B54D3 /* LoginViewController.swift */ = {isa = PBXFileReference; fileEncoding = 4; lastKnownFileType = sourcecode.swift; path = LoginViewController.swift; sourceTree = "<group>"; };
		3A49E3F92142B704001B54D3 /* AppDelegate.swift */ = {isa = PBXFileReference; fileEncoding = 4; lastKnownFileType = sourcecode.swift; path = AppDelegate.swift; sourceTree = "<group>"; };
		3A49E3FA2142B704001B54D3 /* UIColor+.swift */ = {isa = PBXFileReference; fileEncoding = 4; lastKnownFileType = sourcecode.swift; path = "UIColor+.swift"; sourceTree = "<group>"; };
		9675E4A17601F5EB979DD37F /* Pods-github-multiplatform-example.debug.xcconfig */ = {isa = PBXFileReference; includeInIndex = 1; lastKnownFileType = text.xcconfig; name = "Pods-github-multiplatform-example.debug.xcconfig"; path = "Pods/Target Support Files/Pods-github-multiplatform-example/Pods-github-multiplatform-example.debug.xcconfig"; sourceTree = "<group>"; };
		D7B565CEAE183B31F2070042 /* Pods-github-multiplatform-example.release.xcconfig */ = {isa = PBXFileReference; includeInIndex = 1; lastKnownFileType = text.xcconfig; name = "Pods-github-multiplatform-example.release.xcconfig"; path = "Pods/Target Support Files/Pods-github-multiplatform-example/Pods-github-multiplatform-example.release.xcconfig"; sourceTree = "<group>"; };
		D7E79D1E21A6251F00FA676D /* shared.framework */ = {isa = PBXFileReference; lastKnownFileType = wrapper.framework; name = shared.framework; path = "../shared/build/xcode-frameworks/shared.framework"; sourceTree = "<group>"; };
/* End PBXFileReference section */

/* Begin PBXFrameworksBuildPhase section */
		3A49E3DE2142B669001B54D3 /* Frameworks */ = {
			isa = PBXFrameworksBuildPhase;
			buildActionMask = 2147483647;
			files = (
				251555E4B9A26E5A10DC04A2 /* Pods_github_multiplatform_example.framework in Frameworks */,
			);
			runOnlyForDeploymentPostprocessing = 0;
		};
/* End PBXFrameworksBuildPhase section */

/* Begin PBXGroup section */
		3A49E3D82142B669001B54D3 = {
			isa = PBXGroup;
			children = (
				E152E41AFF5D5F3CBF156415 /* Frameworks */,
				3A49E3E32142B66A001B54D3 /* github-multiplatform-example */,
				CCAFA9EA45D3D8BA7109D77A /* Pods */,
				3A49E3E22142B66A001B54D3 /* Products */,
			);
			sourceTree = "<group>";
		};
		3A49E3E22142B66A001B54D3 /* Products */ = {
			isa = PBXGroup;
			children = (
				3A49E3E12142B66A001B54D3 /* github-multiplatform-example.app */,
			);
			name = Products;
			sourceTree = "<group>";
		};
		3A49E3E32142B66A001B54D3 /* github-multiplatform-example */ = {
			isa = PBXGroup;
			children = (
				3A49E3F02142B66B001B54D3 /* Info.plist */,
				3A49E3EB2142B66B001B54D3 /* Assets.xcassets */,
				3A49E3ED2142B66B001B54D3 /* LaunchScreen.storyboard */,
				3A49E3F62142B704001B54D3 /* Sources */,
			);
			path = "github-multiplatform-example";
			sourceTree = "<group>";
		};
		3A49E3F62142B704001B54D3 /* Sources */ = {
			isa = PBXGroup;
			children = (
				3A49E3F92142B704001B54D3 /* AppDelegate.swift */,
				3A49E3F82142B704001B54D3 /* LoginViewController.swift */,
				3A49E3F72142B704001B54D3 /* RepoListViewController.swift */,
				3A49E3FA2142B704001B54D3 /* UIColor+.swift */,
			);
			path = Sources;
			sourceTree = "<group>";
		};
		CCAFA9EA45D3D8BA7109D77A /* Pods */ = {
			isa = PBXGroup;
			children = (
				9675E4A17601F5EB979DD37F /* Pods-github-multiplatform-example.debug.xcconfig */,
				D7B565CEAE183B31F2070042 /* Pods-github-multiplatform-example.release.xcconfig */,
			);
			name = Pods;
			sourceTree = "<group>";
		};
		E152E41AFF5D5F3CBF156415 /* Frameworks */ = {
			isa = PBXGroup;
			children = (
				D7E79D1E21A6251F00FA676D /* shared.framework */,
				16C0AACD71397E7D67208782 /* Pods_github_multiplatform_example.framework */,
			);
			name = Frameworks;
			sourceTree = "<group>";
		};
/* End PBXGroup section */

/* Begin PBXNativeTarget section */
		3A49E3E02142B669001B54D3 /* github-multiplatform-example */ = {
			isa = PBXNativeTarget;
			buildConfigurationList = 3A49E3F32142B66B001B54D3 /* Build configuration list for PBXNativeTarget "github-multiplatform-example" */;
			buildPhases = (
				37CE8789727B6AA15430DEED /* [CP] Check Pods Manifest.lock */,
				D7E79D1D21A6185100FA676D /* Kotlin Build */,
				3A49E3DD2142B669001B54D3 /* Sources */,
				3A49E3DE2142B669001B54D3 /* Frameworks */,
				3A49E3DF2142B669001B54D3 /* Resources */,
				D6994677A9057BD5D6B9C245 /* [CP] Embed Pods Frameworks */,
				3A6642AD21A5564800AD0773 /* Embed Frameworks */,
			);
			buildRules = (
			);
			dependencies = (
			);
			name = "github-multiplatform-example";
			productName = "github-multiplatform-example";
			productReference = 3A49E3E12142B66A001B54D3 /* github-multiplatform-example.app */;
			productType = "com.apple.product-type.application";
		};
/* End PBXNativeTarget section */

/* Begin PBXProject section */
		3A49E3D92142B669001B54D3 /* Project object */ = {
			isa = PBXProject;
			attributes = {
				LastSwiftUpdateCheck = 0940;
				LastUpgradeCheck = 0940;
				ORGANIZATIONNAME = "Adrian Bukros";
				TargetAttributes = {
					3A49E3E02142B669001B54D3 = {
						CreatedOnToolsVersion = 9.4.1;
						LastSwiftMigration = 1010;
					};
				};
			};
			buildConfigurationList = 3A49E3DC2142B669001B54D3 /* Build configuration list for PBXProject "github-multiplatform-example" */;
			compatibilityVersion = "Xcode 9.3";
			developmentRegion = en;
			hasScannedForEncodings = 0;
			knownRegions = (
				en,
				Base,
			);
			mainGroup = 3A49E3D82142B669001B54D3;
			productRefGroup = 3A49E3E22142B66A001B54D3 /* Products */;
			projectDirPath = "";
			projectRoot = "";
			targets = (
				3A49E3E02142B669001B54D3 /* github-multiplatform-example */,
			);
		};
/* End PBXProject section */

/* Begin PBXResourcesBuildPhase section */
		3A49E3DF2142B669001B54D3 /* Resources */ = {
			isa = PBXResourcesBuildPhase;
			buildActionMask = 2147483647;
			files = (
				3A49E3EF2142B66B001B54D3 /* LaunchScreen.storyboard in Resources */,
				3A49E3EC2142B66B001B54D3 /* Assets.xcassets in Resources */,
			);
			runOnlyForDeploymentPostprocessing = 0;
		};
/* End PBXResourcesBuildPhase section */

/* Begin PBXShellScriptBuildPhase section */
		37CE8789727B6AA15430DEED /* [CP] Check Pods Manifest.lock */ = {
			isa = PBXShellScriptBuildPhase;
			buildActionMask = 2147483647;
			files = (
			);
			inputPaths = (
				"${PODS_PODFILE_DIR_PATH}/Podfile.lock",
				"${PODS_ROOT}/Manifest.lock",
			);
			name = "[CP] Check Pods Manifest.lock";
			outputPaths = (
				"$(DERIVED_FILE_DIR)/Pods-github-multiplatform-example-checkManifestLockResult.txt",
			);
			runOnlyForDeploymentPostprocessing = 0;
			shellPath = /bin/sh;
			shellScript = "diff \"${PODS_PODFILE_DIR_PATH}/Podfile.lock\" \"${PODS_ROOT}/Manifest.lock\" > /dev/null\nif [ $? != 0 ] ; then\n    # print error to STDERR\n    echo \"error: The sandbox is not in sync with the Podfile.lock. Run 'pod install' or update your CocoaPods installation.\" >&2\n    exit 1\nfi\n# This output is used by Xcode 'outputs' to avoid re-running this script phase.\necho \"SUCCESS\" > \"${SCRIPT_OUTPUT_FILE_0}\"\n";
			showEnvVarsInLog = 0;
		};
		D6994677A9057BD5D6B9C245 /* [CP] Embed Pods Frameworks */ = {
			isa = PBXShellScriptBuildPhase;
			buildActionMask = 2147483647;
			files = (
			);
			inputPaths = (
				"${SRCROOT}/Pods/Target Support Files/Pods-github-multiplatform-example/Pods-github-multiplatform-example-frameworks.sh",
				"${BUILT_PRODUCTS_DIR}/SnapKit/SnapKit.framework",
			);
			name = "[CP] Embed Pods Frameworks";
			outputPaths = (
				"${TARGET_BUILD_DIR}/${FRAMEWORKS_FOLDER_PATH}/SnapKit.framework",
			);
			runOnlyForDeploymentPostprocessing = 0;
			shellPath = /bin/sh;
			shellScript = "\"${SRCROOT}/Pods/Target Support Files/Pods-github-multiplatform-example/Pods-github-multiplatform-example-frameworks.sh\"\n";
			showEnvVarsInLog = 0;
		};
		D7E79D1D21A6185100FA676D /* Kotlin Build */ = {
			isa = PBXShellScriptBuildPhase;
			buildActionMask = 2147483647;
			files = (
			);
			inputFileListPaths = (
			);
			inputPaths = (
			);
			name = "Kotlin Build";
			outputFileListPaths = (
			);
			outputPaths = (
			);
			runOnlyForDeploymentPostprocessing = 0;
			shellPath = /bin/sh;
			shellScript = "cd ${SRCROOT}/..\n./gradlew :shared:packForXCode \\\n  -PCONFIGURATION=${CONFIGURATION} \\\n  -PARCHS=${ARCHS}\n";
		};
/* End PBXShellScriptBuildPhase section */

/* Begin PBXSourcesBuildPhase section */
		3A49E3DD2142B669001B54D3 /* Sources */ = {
			isa = PBXSourcesBuildPhase;
			buildActionMask = 2147483647;
			files = (
				3A49E3FD2142B704001B54D3 /* AppDelegate.swift in Sources */,
				3A49E3FE2142B704001B54D3 /* UIColor+.swift in Sources */,
				3A49E3FC2142B704001B54D3 /* LoginViewController.swift in Sources */,
				3A49E3FB2142B704001B54D3 /* RepoListViewController.swift in Sources */,
			);
			runOnlyForDeploymentPostprocessing = 0;
		};
/* End PBXSourcesBuildPhase section */

/* Begin PBXVariantGroup section */
		3A49E3ED2142B66B001B54D3 /* LaunchScreen.storyboard */ = {
			isa = PBXVariantGroup;
			children = (
				3A49E3EE2142B66B001B54D3 /* Base */,
			);
			name = LaunchScreen.storyboard;
			sourceTree = "<group>";
		};
/* End PBXVariantGroup section */

/* Begin XCBuildConfiguration section */
		3A49E3F12142B66B001B54D3 /* Debug */ = {
			isa = XCBuildConfiguration;
			buildSettings = {
				ALWAYS_SEARCH_USER_PATHS = NO;
				CLANG_ANALYZER_NONNULL = YES;
				CLANG_ANALYZER_NUMBER_OBJECT_CONVERSION = YES_AGGRESSIVE;
				CLANG_CXX_LANGUAGE_STANDARD = "gnu++14";
				CLANG_CXX_LIBRARY = "libc++";
				CLANG_ENABLE_MODULES = YES;
				CLANG_ENABLE_OBJC_ARC = YES;
				CLANG_ENABLE_OBJC_WEAK = YES;
				CLANG_WARN_BLOCK_CAPTURE_AUTORELEASING = YES;
				CLANG_WARN_BOOL_CONVERSION = YES;
				CLANG_WARN_COMMA = YES;
				CLANG_WARN_CONSTANT_CONVERSION = YES;
				CLANG_WARN_DEPRECATED_OBJC_IMPLEMENTATIONS = YES;
				CLANG_WARN_DIRECT_OBJC_ISA_USAGE = YES_ERROR;
				CLANG_WARN_DOCUMENTATION_COMMENTS = YES;
				CLANG_WARN_EMPTY_BODY = YES;
				CLANG_WARN_ENUM_CONVERSION = YES;
				CLANG_WARN_INFINITE_RECURSION = YES;
				CLANG_WARN_INT_CONVERSION = YES;
				CLANG_WARN_NON_LITERAL_NULL_CONVERSION = YES;
				CLANG_WARN_OBJC_IMPLICIT_RETAIN_SELF = YES;
				CLANG_WARN_OBJC_LITERAL_CONVERSION = YES;
				CLANG_WARN_OBJC_ROOT_CLASS = YES_ERROR;
				CLANG_WARN_RANGE_LOOP_ANALYSIS = YES;
				CLANG_WARN_STRICT_PROTOTYPES = YES;
				CLANG_WARN_SUSPICIOUS_MOVE = YES;
				CLANG_WARN_UNGUARDED_AVAILABILITY = YES_AGGRESSIVE;
				CLANG_WARN_UNREACHABLE_CODE = YES;
				CLANG_WARN__DUPLICATE_METHOD_MATCH = YES;
				CODE_SIGN_IDENTITY = "iPhone Developer";
				COPY_PHASE_STRIP = NO;
				DEBUG_INFORMATION_FORMAT = dwarf;
				ENABLE_STRICT_OBJC_MSGSEND = YES;
				ENABLE_TESTABILITY = YES;
				GCC_C_LANGUAGE_STANDARD = gnu11;
				GCC_DYNAMIC_NO_PIC = NO;
				GCC_NO_COMMON_BLOCKS = YES;
				GCC_OPTIMIZATION_LEVEL = 0;
				GCC_PREPROCESSOR_DEFINITIONS = (
					"DEBUG=1",
					"$(inherited)",
				);
				GCC_WARN_64_TO_32_BIT_CONVERSION = YES;
				GCC_WARN_ABOUT_RETURN_TYPE = YES_ERROR;
				GCC_WARN_UNDECLARED_SELECTOR = YES;
				GCC_WARN_UNINITIALIZED_AUTOS = YES_AGGRESSIVE;
				GCC_WARN_UNUSED_FUNCTION = YES;
				GCC_WARN_UNUSED_VARIABLE = YES;
				IPHONEOS_DEPLOYMENT_TARGET = 11.4;
				MTL_ENABLE_DEBUG_INFO = YES;
				ONLY_ACTIVE_ARCH = YES;
				SDKROOT = iphoneos;
				SWIFT_ACTIVE_COMPILATION_CONDITIONS = DEBUG;
				SWIFT_OPTIMIZATION_LEVEL = "-Onone";
			};
			name = Debug;
		};
		3A49E3F22142B66B001B54D3 /* Release */ = {
			isa = XCBuildConfiguration;
			buildSettings = {
				ALWAYS_SEARCH_USER_PATHS = NO;
				CLANG_ANALYZER_NONNULL = YES;
				CLANG_ANALYZER_NUMBER_OBJECT_CONVERSION = YES_AGGRESSIVE;
				CLANG_CXX_LANGUAGE_STANDARD = "gnu++14";
				CLANG_CXX_LIBRARY = "libc++";
				CLANG_ENABLE_MODULES = YES;
				CLANG_ENABLE_OBJC_ARC = YES;
				CLANG_ENABLE_OBJC_WEAK = YES;
				CLANG_WARN_BLOCK_CAPTURE_AUTORELEASING = YES;
				CLANG_WARN_BOOL_CONVERSION = YES;
				CLANG_WARN_COMMA = YES;
				CLANG_WARN_CONSTANT_CONVERSION = YES;
				CLANG_WARN_DEPRECATED_OBJC_IMPLEMENTATIONS = YES;
				CLANG_WARN_DIRECT_OBJC_ISA_USAGE = YES_ERROR;
				CLANG_WARN_DOCUMENTATION_COMMENTS = YES;
				CLANG_WARN_EMPTY_BODY = YES;
				CLANG_WARN_ENUM_CONVERSION = YES;
				CLANG_WARN_INFINITE_RECURSION = YES;
				CLANG_WARN_INT_CONVERSION = YES;
				CLANG_WARN_NON_LITERAL_NULL_CONVERSION = YES;
				CLANG_WARN_OBJC_IMPLICIT_RETAIN_SELF = YES;
				CLANG_WARN_OBJC_LITERAL_CONVERSION = YES;
				CLANG_WARN_OBJC_ROOT_CLASS = YES_ERROR;
				CLANG_WARN_RANGE_LOOP_ANALYSIS = YES;
				CLANG_WARN_STRICT_PROTOTYPES = YES;
				CLANG_WARN_SUSPICIOUS_MOVE = YES;
				CLANG_WARN_UNGUARDED_AVAILABILITY = YES_AGGRESSIVE;
				CLANG_WARN_UNREACHABLE_CODE = YES;
				CLANG_WARN__DUPLICATE_METHOD_MATCH = YES;
				CODE_SIGN_IDENTITY = "iPhone Developer";
				COPY_PHASE_STRIP = NO;
				DEBUG_INFORMATION_FORMAT = "dwarf-with-dsym";
				ENABLE_NS_ASSERTIONS = NO;
				ENABLE_STRICT_OBJC_MSGSEND = YES;
				GCC_C_LANGUAGE_STANDARD = gnu11;
				GCC_NO_COMMON_BLOCKS = YES;
				GCC_WARN_64_TO_32_BIT_CONVERSION = YES;
				GCC_WARN_ABOUT_RETURN_TYPE = YES_ERROR;
				GCC_WARN_UNDECLARED_SELECTOR = YES;
				GCC_WARN_UNINITIALIZED_AUTOS = YES_AGGRESSIVE;
				GCC_WARN_UNUSED_FUNCTION = YES;
				GCC_WARN_UNUSED_VARIABLE = YES;
				IPHONEOS_DEPLOYMENT_TARGET = 11.4;
				MTL_ENABLE_DEBUG_INFO = NO;
				SDKROOT = iphoneos;
				SWIFT_COMPILATION_MODE = wholemodule;
				SWIFT_OPTIMIZATION_LEVEL = "-O";
				VALIDATE_PRODUCT = YES;
			};
			name = Release;
		};
		3A49E3F42142B66B001B54D3 /* Debug */ = {
			isa = XCBuildConfiguration;
			baseConfigurationReference = 9675E4A17601F5EB979DD37F /* Pods-github-multiplatform-example.debug.xcconfig */;
			buildSettings = {
				ASSETCATALOG_COMPILER_APPICON_NAME = AppIcon;
				CODE_SIGN_STYLE = Automatic;
				DEVELOPMENT_TEAM = 6K955L5KRU;
				ENABLE_BITCODE = NO;
				FRAMEWORK_SEARCH_PATHS = (
					"$(inherited)",
					"\"${PODS_CONFIGURATION_BUILD_DIR}/SnapKit\"",
					"$(PROJECT_DIR)/github-multiplatform-example",
					"$(SRCROOT)/../shared/build/xcode-frameworks",
				);
				INFOPLIST_FILE = "github-multiplatform-example/Info.plist";
				LD_RUNPATH_SEARCH_PATHS = (
					"$(inherited)",
					"@executable_path/Frameworks",
				);
				PRODUCT_BUNDLE_IDENTIFIER = "adrianbukros.com.github-multiplatform-example";
				PRODUCT_NAME = "$(TARGET_NAME)";
				SWIFT_VERSION = 4.2;
				TARGETED_DEVICE_FAMILY = "1,2";
			};
			name = Debug;
		};
		3A49E3F52142B66B001B54D3 /* Release */ = {
			isa = XCBuildConfiguration;
			baseConfigurationReference = D7B565CEAE183B31F2070042 /* Pods-github-multiplatform-example.release.xcconfig */;
			buildSettings = {
				ASSETCATALOG_COMPILER_APPICON_NAME = AppIcon;
				CODE_SIGN_STYLE = Automatic;
				DEVELOPMENT_TEAM = 6K955L5KRU;
				ENABLE_BITCODE = NO;
				FRAMEWORK_SEARCH_PATHS = (
					"$(inherited)",
					"\"${PODS_CONFIGURATION_BUILD_DIR}/SnapKit\"",
					"$(PROJECT_DIR)/github-multiplatform-example",
					"$(SRCROOT)/../shared/build/xcode-frameworks",
				);
				INFOPLIST_FILE = "github-multiplatform-example/Info.plist";
				LD_RUNPATH_SEARCH_PATHS = (
					"$(inherited)",
					"@executable_path/Frameworks",
				);
				PRODUCT_BUNDLE_IDENTIFIER = "adrianbukros.com.github-multiplatform-example";
				PRODUCT_NAME = "$(TARGET_NAME)";
				SWIFT_VERSION = 4.2;
				TARGETED_DEVICE_FAMILY = "1,2";
			};
			name = Release;
		};
/* End XCBuildConfiguration section */

/* Begin XCConfigurationList section */
		3A49E3DC2142B669001B54D3 /* Build configuration list for PBXProject "github-multiplatform-example" */ = {
			isa = XCConfigurationList;
			buildConfigurations = (
				3A49E3F12142B66B001B54D3 /* Debug */,
				3A49E3F22142B66B001B54D3 /* Release */,
			);
			defaultConfigurationIsVisible = 0;
			defaultConfigurationName = Release;
		};
		3A49E3F32142B66B001B54D3 /* Build configuration list for PBXNativeTarget "github-multiplatform-example" */ = {
			isa = XCConfigurationList;
			buildConfigurations = (
				3A49E3F42142B66B001B54D3 /* Debug */,
				3A49E3F52142B66B001B54D3 /* Release */,
			);
			defaultConfigurationIsVisible = 0;
			defaultConfigurationName = Release;
		};
/* End XCConfigurationList section */
	};
	rootObject = 3A49E3D92142B669001B54D3 /* Project object */;
}
